
Microsoft Visual Studio Solution File, Format Version 12.00
# Visual Studio Version 17
VisualStudioVersion = 17.14.36109.1 d17.14
MinimumVisualStudioVersion = 10.0.40219.1
Project("{8BC9CEB8-8B4A-11D0-8D11-00A0C91BC942}") = "raylib-2d-ascii-rpg-project", "raylib-2d-ascii-rpg-project.vcxproj", "{F4E8D4AC-C831-4CD2-8547-113960E45423}"
EndProject
Global
	GlobalSection(SolutionConfigurationPlatforms) = preSolution
		Debug|x64 = Debug|x64
		Debug|x86 = Debug|x86
		Release|x64 = Release|x64
		Release|x86 = Release|x86
	EndGlobalSection
	GlobalSection(ProjectConfigurationPlatforms) = postSolution
		{F4E8D4AC-C831-4CD2-8547-113960E45423}.Debug|x64.ActiveCfg = Debug|x64
		{F4E8D4AC-C831-4CD2-8547-113960E45423}.Debug|x64.Build.0 = Debug|x64
		{F4E8D4AC-C831-4CD2-8547-113960E45423}.Debug|x86.ActiveCfg = Debug|Win32
		{F4E8D4AC-C831-4CD2-8547-113960E45423}.Debug|x86.Build.0 = Debug|Win32
		{F4E8D4AC-C831-4CD2-8547-113960E45423}.Release|x64.ActiveCfg = Release|x64
		{F4E8D4AC-C831-4CD2-8547-113960E45423}.Release|x64.Build.0 = Release|x64
		{F4E8D4AC-C831-4CD2-8547-113960E45423}.Release|x86.ActiveCfg = Release|Win32
		{F4E8D4AC-C831-4CD2-8547-113960E45423}.Release|x86.Build.0 = Release|Win32
	EndGlobalSection
	GlobalSection(SolutionProperties) = preSolution
		HideSolutionNode = FALSE
	EndGlobalSection
	GlobalSection(ExtensibilityGlobals) = postSolution
		SolutionGuid = {244AA6E2-B1B4-443E-9496-D153FDE6EC8F}
	EndGlobalSection
EndGlobal
